{
  "name": "team12-risk-backend",
  "version": "0.1.0",
  "lockfileVersion": 3,
  "requires": true,
  "packages": {
    "": {
      "name": "team12-risk-backend",
      "version": "0.1.0",
      "dependencies": {
        "@sap/hana-client": "2.29.25",
        "dotenv": "^17.4.2"
      },
      "engines": {
        "node": ">=20"
      }
    },
    "node_modules/@sap/hana-client": {
      "version": "2.29.25",
      "resolved": "https://registry.npmjs.org/@sap/hana-client/-/hana-client-2.29.25.tgz",
      "integrity": "sha512-yX8N9hE5S7vDkCTxEoD33JRRbHv0aa3Kqhd5FVlaqv+xNKMtZDgtZmXPe29KLo3Y5GjZhpoqixr/1mt0C2Ahjw==",
      "hasInstallScript": true,
      "hasShrinkwrap": true,
      "license": "SEE LICENSE IN developer-license-3_2.txt",
      "dependencies": {
        "debug": "3.1.0"
      },
      "engines": {
        "node": ">=4.0.0"
      }
    },
    "node_modules/@sap/hana-client/node_modules/debug": {
      "version": "3.1.0",
      "integrity": "sha512-OX8XqP7/1a9cqkxYw2yXss15f26NKWBpDXQd0/uK/KPqdQhxbPa994hnzjcE2VqQpDslf55723cKPUOGSmMY3g==",
      "license": "MIT",
      "dependencies": {
        "ms": "2.0.0"
      }
    },
    "node_modules/@sap/hana-client/node_modules/ms": {
      "version": "2.0.0",
      "integrity": "sha512-Tpp60P6IUJDTuOq/5Z8cdskzJujfwqfOTkrwIwj7IRISpnkJnT6SyJ4PCPnGMoFjC9ddhal5KVIYtAt97ix05A==",
      "license": "MIT"
    },
    "node_modules/dotenv": {
      "version": "17.4.2",
      "resolved": "https://registry.npmjs.org/dotenv/-/dotenv-17.4.2.tgz",
      "integrity": "sha512-nI4U3TottKAcAD9LLud4Cb7b2QztQMUEfHbvhTH09bqXTxnSie8WnjPALV/WMCrJZ6UV/qHJ6L03OqO3LcdYZw==",
      "license": "BSD-2-Clause",
      "engines": {
        "node": ">=12"
      },
      "funding": {
        "url": "https://dotenvx.com"
      }
    }
  }
}
